// !$*UTF8*$!
{
	archiveVersion = 1;
	classes = {
	};
	objectVersion = 46;
	objects = {

/* Begin PBXBuildFile section */
		00F4DD8518D4217200D86DAF /* Foundation.framework in Frameworks */ = {isa = PBXBuildFile; fileRef = 00F4DD8418D4217200D86DAF /* Foundation.framework */; };
		00F4DD8718D4217200D86DAF /* CoreGraphics.framework in Frameworks */ = {isa = PBXBuildFile; fileRef = 00F4DD8618D4217200D86DAF /* CoreGraphics.framework */; };
		00F4DD8918D4217200D86DAF /* UIKit.framework in Frameworks */ = {isa = PBXBuildFile; fileRef = 00F4DD8818D4217200D86DAF /* UIKit.framework */; };
		00F4DD8F18D4217200D86DAF /* InfoPlist.strings in Resources */ = {isa = PBXBuildFile; fileRef = 00F4DD8D18D4217200D86DAF /* InfoPlist.strings */; };
		00F4DD9118D4217200D86DAF /* main.m in Sources */ = {isa = PBXBuildFile; fileRef = 00F4DD9018D4217200D86DAF /* main.m */; };
		00F4DD9518D4217200D86DAF /* AppDelegate.m in Sources */ = {isa = PBXBuildFile; fileRef = 00F4DD9418D4217200D86DAF /* AppDelegate.m */; };
		00F4DD9818D4217200D86DAF /* Main.storyboard in Resources */ = {isa = PBXBuildFile; fileRef = 00F4DD9618D4217200D86DAF /* Main.storyboard */; };
		00F4DD9B18D4217200D86DAF /* ViewController.m in Sources */ = {isa = PBXBuildFile; fileRef = 00F4DD9A18D4217200D86DAF /* ViewController.m */; };
		00F4DD9D18D4217200D86DAF /* Images.xcassets in Resources */ = {isa = PBXBuildFile; fileRef = 00F4DD9C18D4217200D86DAF /* Images.xcassets */; };
		00F4DDA418D4217200D86DAF /* XCTest.framework in Frameworks */ = {isa = PBXBuildFile; fileRef = 00F4DDA318D4217200D86DAF /* XCTest.framework */; };
		00F4DDA518D4217200D86DAF /* Foundation.framework in Frameworks */ = {isa = PBXBuildFile; fileRef = 00F4DD8418D4217200D86DAF /* Foundation.framework */; };
		00F4DDA618D4217200D86DAF /* UIKit.framework in Frameworks */ = {isa = PBXBuildFile; fileRef = 00F4DD8818D4217200D86DAF /* UIKit.framework */; };
		00F4DDAE18D4217200D86DAF /* InfoPlist.strings in Resources */ = {isa = PBXBuildFile; fileRef = 00F4DDAC18D4217200D86DAF /* InfoPlist.strings */; };
		00F4DDB018D4217200D86DAF /* jsonReceiverTests.m in Sources */ = {isa = PBXBuildFile; fileRef = 00F4DDAF18D4217200D86DAF /* jsonReceiverTests.m */; };
		00F4DDBE18D422BF00D86DAF /* WebApiAccess.m in Sources */ = {isa = PBXBuildFile; fileRef = 00F4DDBD18D422BF00D86DAF /* WebApiAccess.m */; };
/* End PBXBuildFile section */

/* Begin PBXContainerItemProxy section */
		00F4DDA718D4217200D86DAF /* PBXContainerItemProxy */ = {
			isa = PBXContainerItemProxy;
			containerPortal = 00F4DD7918D4217200D86DAF /* Project object */;
			proxyType = 1;
			remoteGlobalIDString = 00F4DD8018D4217200D86DAF;
			remoteInfo = jsonReceiver;
		};
/* End PBXContainerItemProxy section */

/* Begin PBXFileReference section */
		00F4DD8118D4217200D86DAF /* jsonReceiver.app */ = {isa = PBXFileReference; explicitFileType = wrapper.application; includeInIndex = 0; path = jsonReceiver.app; sourceTree = BUILT_PRODUCTS_DIR; };
		00F4DD8418D4217200D86DAF /* Foundation.framework */ = {isa = PBXFileReference; lastKnownFileType = wrapper.framework; name = Foundation.framework; path = System/Library/Frameworks/Foundation.framework; sourceTree = SDKROOT; };
		00F4DD8618D4217200D86DAF /* CoreGraphics.framework */ = {isa = PBXFileReference; lastKnownFileType = wrapper.framework; name = CoreGraphics.framework; path = System/Library/Frameworks/CoreGraphics.framework; sourceTree = SDKROOT; };
		00F4DD8818D4217200D86DAF /* UIKit.framework */ = {isa = PBXFileReference; lastKnownFileType = wrapper.framework; name = UIKit.framework; path = System/Library/Frameworks/UIKit.framework; sourceTree = SDKROOT; };
		00F4DD8C18D4217200D86DAF /* jsonReceiver-Info.plist */ = {isa = PBXFileReference; lastKnownFileType = text.plist.xml; path = "jsonReceiver-Info.plist"; sourceTree = "<group>"; };
		00F4DD8E18D4217200D86DAF /* en */ = {isa = PBXFileReference; lastKnownFileType = text.plist.strings; name = en; path = en.lproj/InfoPlist.strings; sourceTree = "<group>"; };
		00F4DD9018D4217200D86DAF /* main.m */ = {isa = PBXFileReference; lastKnownFileType = sourcecode.c.objc; path = main.m; sourceTree = "<group>"; };
		00F4DD9218D4217200D86DAF /* jsonReceiver-Prefix.pch */ = {isa = PBXFileReference; lastKnownFileType = sourcecode.c.h; path = "jsonReceiver-Prefix.pch"; sourceTree = "<group>"; };
		00F4DD9318D4217200D86DAF /* AppDelegate.h */ = {isa = PBXFileReference; lastKnownFileType = sourcecode.c.h; path = AppDelegate.h; sourceTree = "<group>"; };
		00F4DD9418D4217200D86DAF /* AppDelegate.m */ = {isa = PBXFileReference; lastKnownFileType = sourcecode.c.objc; path = AppDelegate.m; sourceTree = "<group>"; };
		00F4DD9718D4217200D86DAF /* Base */ = {isa = PBXFileReference; lastKnownFileType = file.storyboard; name = Base; path = Base.lproj/Main.storyboard; sourceTree = "<group>"; };
		00F4DD9918D4217200D86DAF /* ViewController.h */ = {isa = PBXFileReference; lastKnownFileType = sourcecode.c.h; path = ViewController.h; sourceTree = "<group>"; };
		00F4DD9A18D4217200D86DAF /* ViewController.m */ = {isa = PBXFileReference; lastKnownFileType = sourcecode.c.objc; path = ViewController.m; sourceTree = "<group>"; };
		00F4DD9C18D4217200D86DAF /* Images.xcassets */ = {isa = PBXFileReference; lastKnownFileType = folder.assetcatalog; path = Images.xcassets; sourceTree = "<group>"; };
		00F4DDA218D4217200D86DAF /* jsonReceiverTests.xctest */ = {isa = PBXFileReference; explicitFileType = wrapper.cfbundle; includeInIndex = 0; path = jsonReceiverTests.xctest; sourceTree = BUILT_PRODUCTS_DIR; };
		00F4DDA318D4217200D86DAF /* XCTest.framework */ = {isa = PBXFileReference; lastKnownFileType = wrapper.framework; name = XCTest.framework; path = Library/Frameworks/XCTest.framework; sourceTree = DEVELOPER_DIR; };
		00F4DDAB18D4217200D86DAF /* jsonReceiverTests-Info.plist */ = {isa = PBXFileReference; lastKnownFileType = text.plist.xml; path = "jsonReceiverTests-Info.plist"; sourceTree = "<group>"; };
		00F4DDAD18D4217200D86DAF /* en */ = {isa = PBXFileReference; lastKnownFileType = text.plist.strings; name = en; path = en.lproj/InfoPlist.strings; sourceTree = "<group>"; };
		00F4DDAF18D4217200D86DAF /* jsonReceiverTests.m */ = {isa = PBXFileReference; lastKnownFileType = sourcecode.c.objc; path = jsonReceiverTests.m; sourceTree = "<group>"; };
		00F4DDBC18D422BF00D86DAF /* WebApiAccess.h */ = {isa = PBXFileReference; fileEncoding = 4; lastKnownFileType = sourcecode.c.h; name = WebApiAccess.h; path = ../WebApiAccess.h; sourceTree = "<group>"; };
		00F4DDBD18D422BF00D86DAF /* WebApiAccess.m */ = {isa = PBXFileReference; fileEncoding = 4; lastKnownFileType = sourcecode.c.objc; name = WebApiAccess.m; path = ../WebApiAccess.m; sourceTree = "<group>"; };
/* End PBXFileReference section */

/* Begin PBXFrameworksBuildPhase section */
		00F4DD7E18D4217200D86DAF /* Frameworks */ = {
			isa = PBXFrameworksBuildPhase;
			buildActionMask = 2147483647;
			files = (
				00F4DD8718D4217200D86DAF /* CoreGraphics.framework in Frameworks */,
				00F4DD8918D4217200D86DAF /* UIKit.framework in Frameworks */,
				00F4DD8518D4217200D86DAF /* Foundation.framework in Frameworks */,
			);
			runOnlyForDeploymentPostprocessing = 0;
		};
		00F4DD9F18D4217200D86DAF /* Frameworks */ = {
			isa = PBXFrameworksBuildPhase;
			buildActionMask = 2147483647;
			files = (
				00F4DDA418D4217200D86DAF /* XCTest.framework in Frameworks */,
				00F4DDA618D4217200D86DAF /* UIKit.framework in Frameworks */,
				00F4DDA518D4217200D86DAF /* Foundation.framework in Frameworks */,
			);
			runOnlyForDeploymentPostprocessing = 0;
		};
/* End PBXFrameworksBuildPhase section */

/* Begin PBXGroup section */
		00F4DD7818D4217200D86DAF = {
			isa = PBXGroup;
			children = (
				00F4DD8A18D4217200D86DAF /* jsonReceiver */,
				00F4DDA918D4217200D86DAF /* jsonReceiverTests */,
				00F4DD8318D4217200D86DAF /* Frameworks */,
				00F4DD8218D4217200D86DAF /* Products */,
			);
			sourceTree = "<group>";
		};
		00F4DD8218D4217200D86DAF /* Products */ = {
			isa = PBXGroup;
			children = (
				00F4DD8118D4217200D86DAF /* jsonReceiver.app */,
				00F4DDA218D4217200D86DAF /* jsonReceiverTests.xctest */,
			);
			name = Products;
			sourceTree = "<group>";
		};
		00F4DD8318D4217200D86DAF /* Frameworks */ = {
			isa = PBXGroup;
			children = (
				00F4DD8418D4217200D86DAF /* Foundation.framework */,
				00F4DD8618D4217200D86DAF /* CoreGraphics.framework */,
				00F4DD8818D4217200D86DAF /* UIKit.framework */,
				00F4DDA318D4217200D86DAF /* XCTest.framework */,
			);
			name = Frameworks;
			sourceTree = "<group>";
		};
		00F4DD8A18D4217200D86DAF /* jsonReceiver */ = {
			isa = PBXGroup;
			children = (
				00F4DDBC18D422BF00D86DAF /* WebApiAccess.h */,
				00F4DDBD18D422BF00D86DAF /* WebApiAccess.m */,
				00F4DD9318D4217200D86DAF /* AppDelegate.h */,
				00F4DD9418D4217200D86DAF /* AppDelegate.m */,
				00F4DD9618D4217200D86DAF /* Main.storyboard */,
				00F4DD9918D4217200D86DAF /* ViewController.h */,
				00F4DD9A18D4217200D86DAF /* ViewController.m */,
				00F4DD9C18D4217200D86DAF /* Images.xcassets */,
				00F4DD8B18D4217200D86DAF /* Supporting Files */,
			);
			path = jsonReceiver;
			sourceTree = "<group>";
		};
		00F4DD8B18D4217200D86DAF /* Supporting Files */ = {
			isa = PBXGroup;
			children = (
				00F4DD8C18D4217200D86DAF /* jsonReceiver-Info.plist */,
				00F4DD8D18D4217200D86DAF /* InfoPlist.strings */,
				00F4DD9018D4217200D86DAF /* main.m */,
				00F4DD9218D4217200D86DAF /* jsonReceiver-Prefix.pch */,
			);
			name = "Supporting Files";
			sourceTree = "<group>";
		};
		00F4DDA918D4217200D86DAF /* jsonReceiverTests */ = {
			isa = PBXGroup;
			children = (
				00F4DDAF18D4217200D86DAF /* jsonReceiverTests.m */,
				00F4DDAA18D4217200D86DAF /* Supporting Files */,
			);
			path = jsonReceiverTests;
			sourceTree = "<group>";
		};
		00F4DDAA18D4217200D86DAF /* Supporting Files */ = {
			isa = PBXGroup;
			children = (
				00F4DDAB18D4217200D86DAF /* jsonReceiverTests-Info.plist */,
				00F4DDAC18D4217200D86DAF /* InfoPlist.strings */,
			);
			name = "Supporting Files";
			sourceTree = "<group>";
		};
/* End PBXGroup section */

/* Begin PBXNativeTarget section */
		00F4DD8018D4217200D86DAF /* jsonReceiver */ = {
			isa = PBXNativeTarget;
			buildConfigurationList = 00F4DDB318D4217200D86DAF /* Build configuration list for PBXNativeTarget "jsonReceiver" */;
			buildPhases = (
				00F4DD7D18D4217200D86DAF /* Sources */,
				00F4DD7E18D4217200D86DAF /* Frameworks */,
				00F4DD7F18D4217200D86DAF /* Resources */,
			);
			buildRules = (
			);
			dependencies = (
			);
			name = jsonReceiver;
			productName = jsonReceiver;
			productReference = 00F4DD8118D4217200D86DAF /* jsonReceiver.app */;
			productType = "com.apple.product-type.application";
		};
		00F4DDA118D4217200D86DAF /* jsonReceiverTests */ = {
			isa = PBXNativeTarget;
			buildConfigurationList = 00F4DDB618D4217200D86DAF /* Build configuration list for PBXNativeTarget "jsonReceiverTests" */;
			buildPhases = (
				00F4DD9E18D4217200D86DAF /* Sources */,
				00F4DD9F18D4217200D86DAF /* Frameworks */,
				00F4DDA018D4217200D86DAF /* Resources */,
			);
			buildRules = (
			);
			dependencies = (
				00F4DDA818D4217200D86DAF /* PBXTargetDependency */,
			);
			name = jsonReceiverTests;
			productName = jsonReceiverTests;
			productReference = 00F4DDA218D4217200D86DAF /* jsonReceiverTests.xctest */;
			productType = "com.apple.product-type.bundle.unit-test";
		};
/* End PBXNativeTarget section */

/* Begin PBXProject section */
		00F4DD7918D4217200D86DAF /* Project object */ = {
			isa = PBXProject;
			attributes = {
				LastUpgradeCheck = 0500;
				ORGANIZATIONNAME = "ohtake shingo";
				TargetAttributes = {
					00F4DDA118D4217200D86DAF = {
						TestTargetID = 00F4DD8018D4217200D86DAF;
					};
				};
			};
			buildConfigurationList = 00F4DD7C18D4217200D86DAF /* Build configuration list for PBXProject "jsonReceiver" */;
			compatibilityVersion = "Xcode 3.2";
			developmentRegion = English;
			hasScannedForEncodings = 0;
			knownRegions = (
				en,
				Base,
			);
			mainGroup = 00F4DD7818D4217200D86DAF;
			productRefGroup = 00F4DD8218D4217200D86DAF /* Products */;
			projectDirPath = "";
			projectRoot = "";
			targets = (
				00F4DD8018D4217200D86DAF /* jsonReceiver */,
				00F4DDA118D4217200D86DAF /* jsonReceiverTests */,
			);
		};
/* End PBXProject section */

/* Begin PBXResourcesBuildPhase section */
		00F4DD7F18D4217200D86DAF /* Resources */ = {
			isa = PBXResourcesBuildPhase;
			buildActionMask = 2147483647;
			files = (
				00F4DD9D18D4217200D86DAF /* Images.xcassets in Resources */,
				00F4DD8F18D4217200D86DAF /* InfoPlist.strings in Resources */,
				00F4DD9818D4217200D86DAF /* Main.storyboard in Resources */,
			);
			runOnlyForDeploymentPostprocessing = 0;
		};
		00F4DDA018D4217200D86DAF /* Resources */ = {
			isa = PBXResourcesBuildPhase;
			buildActionMask = 2147483647;
			files = (
				00F4DDAE18D4217200D86DAF /* InfoPlist.strings in Resources */,
			);
			runOnlyForDeploymentPostprocessing = 0;
		};
/* End PBXResourcesBuildPhase section */

/* Begin PBXSourcesBuildPhase section */
		00F4DD7D18D4217200D86DAF /* Sources */ = {
			isa = PBXSourcesBuildPhase;
			buildActionMask = 2147483647;
			files = (
				00F4DD9B18D4217200D86DAF /* ViewController.m in Sources */,
				00F4DD9518D4217200D86DAF /* AppDelegate.m in Sources */,
				00F4DD9118D4217200D86DAF /* main.m in Sources */,
				00F4DDBE18D422BF00D86DAF /* WebApiAccess.m in Sources */,
			);
			runOnlyForDeploymentPostprocessing = 0;
		};
		00F4DD9E18D4217200D86DAF /* Sources */ = {
			isa = PBXSourcesBuildPhase;
			buildActionMask = 2147483647;
			files = (
				00F4DDB018D4217200D86DAF /* jsonReceiverTests.m in Sources */,
			);
			runOnlyForDeploymentPostprocessing = 0;
		};
/* End PBXSourcesBuildPhase section */

/* Begin PBXTargetDependency section */
		00F4DDA818D4217200D86DAF /* PBXTargetDependency */ = {
			isa = PBXTargetDependency;
			target = 00F4DD8018D4217200D86DAF /* jsonReceiver */;
			targetProxy = 00F4DDA718D4217200D86DAF /* PBXContainerItemProxy */;
		};
/* End PBXTargetDependency section */

/* Begin PBXVariantGroup section */
		00F4DD8D18D4217200D86DAF /* InfoPlist.strings */ = {
			isa = PBXVariantGroup;
			children = (
				00F4DD8E18D4217200D86DAF /* en */,
			);
			name = InfoPlist.strings;
			sourceTree = "<group>";
		};
		00F4DD9618D4217200D86DAF /* Main.storyboard */ = {
			isa = PBXVariantGroup;
			children = (
				00F4DD9718D4217200D86DAF /* Base */,
			);
			name = Main.storyboard;
			sourceTree = "<group>";
		};
		00F4DDAC18D4217200D86DAF /* InfoPlist.strings */ = {
			isa = PBXVariantGroup;
			children = (
				00F4DDAD18D4217200D86DAF /* en */,
			);
			name = InfoPlist.strings;
			sourceTree = "<group>";
		};
/* End PBXVariantGroup section */

/* Begin XCBuildConfiguration section */
		00F4DDB118D4217200D86DAF /* Debug */ = {
			isa = XCBuildConfiguration;
			buildSettings = {
				ALWAYS_SEARCH_USER_PATHS = NO;
				ARCHS = "$(ARCHS_STANDARD_INCLUDING_64_BIT)";
				CLANG_CXX_LANGUAGE_STANDARD = "gnu++0x";
				CLANG_CXX_LIBRARY = "libc++";
				CLANG_ENABLE_MODULES = YES;
				CLANG_ENABLE_OBJC_ARC = YES;
				CLANG_WARN_BOOL_CONVERSION = YES;
				CLANG_WARN_CONSTANT_CONVERSION = YES;
				CLANG_WARN_DIRECT_OBJC_ISA_USAGE = YES_ERROR;
				CLANG_WARN_EMPTY_BODY = YES;
				CLANG_WARN_ENUM_CONVERSION = YES;
				CLANG_WARN_INT_CONVERSION = YES;
				CLANG_WARN_OBJC_ROOT_CLASS = YES_ERROR;
				CLANG_WARN__DUPLICATE_METHOD_MATCH = YES;
				"CODE_SIGN_IDENTITY[sdk=iphoneos*]" = "iPhone Developer";
				COPY_PHASE_STRIP = NO;
				GCC_C_LANGUAGE_STANDARD = gnu99;
				GCC_DYNAMIC_NO_PIC = NO;
				GCC_OPTIMIZATION_LEVEL = 0;
				GCC_PREPROCESSOR_DEFINITIONS = (
					"DEBUG=1",
					"$(inherited)",
				);
				GCC_SYMBOLS_PRIVATE_EXTERN = NO;
				GCC_WARN_64_TO_32_BIT_CONVERSION = YES;
				GCC_WARN_ABOUT_RETURN_TYPE = YES_ERROR;
				GCC_WARN_UNDECLARED_SELECTOR = YES;
				GCC_WARN_UNINITIALIZED_AUTOS = YES;
				GCC_WARN_UNUSED_FUNCTION = YES;
				GCC_WARN_UNUSED_VARIABLE = YES;
				IPHONEOS_DEPLOYMENT_TARGET = 7.0;
				ONLY_ACTIVE_ARCH = YES;
				SDKROOT = iphoneos;
			};
			name = Debug;
		};
		00F4DDB218D4217200D86DAF /* Release */ = {
			isa = XCBuildConfiguration;
			buildSettings = {
				ALWAYS_SEARCH_USER_PATHS = NO;
				ARCHS = "$(ARCHS_STANDARD_INCLUDING_64_BIT)";
				CLANG_CXX_LANGUAGE_STANDARD = "gnu++0x";
				CLANG_CXX_LIBRARY = "libc++";
				CLANG_ENABLE_MODULES = YES;
				CLANG_ENABLE_OBJC_ARC = YES;
				CLANG_WARN_BOOL_CONVERSION = YES;
				CLANG_WARN_CONSTANT_CONVERSION = YES;
				CLANG_WARN_DIRECT_OBJC_ISA_USAGE = YES_ERROR;
				CLANG_WARN_EMPTY_BODY = YES;
				CLANG_WARN_ENUM_CONVERSION = YES;
				CLANG_WARN_INT_CONVERSION = YES;
				CLANG_WARN_OBJC_ROOT_CLASS = YES_ERROR;
				CLANG_WARN__DUPLICATE_METHOD_MATCH = YES;
				"CODE_SIGN_IDENTITY[sdk=iphoneos*]" = "iPhone Developer";
				COPY_PHASE_STRIP = YES;
				ENABLE_NS_ASSERTIONS = NO;
				GCC_C_LANGUAGE_STANDARD = gnu99;
				GCC_WARN_64_TO_32_BIT_CONVERSION = YES;
				GCC_WARN_ABOUT_RETURN_TYPE = YES_ERROR;
				GCC_WARN_UNDECLARED_SELECTOR = YES;
				GCC_WARN_UNINITIALIZED_AUTOS = YES;
				GCC_WARN_UNUSED_FUNCTION = YES;
				GCC_WARN_UNUSED_VARIABLE = YES;
				IPHONEOS_DEPLOYMENT_TARGET = 7.0;
				SDKROOT = iphoneos;
				VALIDATE_PRODUCT = YES;
			};
			name = Release;
		};
		00F4DDB418D4217200D86DAF /* Debug */ = {
			isa = XCBuildConfiguration;
			buildSettings = {
				ASSETCATALOG_COMPILER_APPICON_NAME = AppIcon;
				ASSETCATALOG_COMPILER_LAUNCHIMAGE_NAME = LaunchImage;
				GCC_PRECOMPILE_PREFIX_HEADER = YES;
				GCC_PREFIX_HEADER = "jsonReceiver/jsonReceiver-Prefix.pch";
				INFOPLIST_FILE = "jsonReceiver/jsonReceiver-Info.plist";
				PRODUCT_NAME = "$(TARGET_NAME)";
				WRAPPER_EXTENSION = app;
			};
			name = Debug;
		};
		00F4DDB518D4217200D86DAF /* Release */ = {
			isa = XCBuildConfiguration;
			buildSettings = {
				ASSETCATALOG_COMPILER_APPICON_NAME = AppIcon;
				ASSETCATALOG_COMPILER_LAUNCHIMAGE_NAME = LaunchImage;
				GCC_PRECOMPILE_PREFIX_HEADER = YES;
				GCC_PREFIX_HEADER = "jsonReceiver/jsonReceiver-Prefix.pch";
				INFOPLIST_FILE = "jsonReceiver/jsonReceiver-Info.plist";
				PRODUCT_NAME = "$(TARGET_NAME)";
				WRAPPER_EXTENSION = app;
			};
			name = Release;
		};
		00F4DDB718D4217200D86DAF /* Debug */ = {
			isa = XCBuildConfiguration;
			buildSettings = {
				ARCHS = "$(ARCHS_STANDARD_INCLUDING_64_BIT)";
				BUNDLE_LOADER = "$(BUILT_PRODUCTS_DIR)/jsonReceiver.app/jsonReceiver";
				FRAMEWORK_SEARCH_PATHS = (
					"$(SDKROOT)/Developer/Library/Frameworks",
					"$(inherited)",
					"$(DEVELOPER_FRAMEWORKS_DIR)",
				);
				GCC_PRECOMPILE_PREFIX_HEADER = YES;
				GCC_PREFIX_HEADER = "jsonReceiver/jsonReceiver-Prefix.pch";
				GCC_PREPROCESSOR_DEFINITIONS = (
					"DEBUG=1",
					"$(inherited)",
				);
				INFOPLIST_FILE = "jsonReceiverTests/jsonReceiverTests-Info.plist";
				PRODUCT_NAME = "$(TARGET_NAME)";
				TEST_HOST = "$(BUNDLE_LOADER)";
				WRAPPER_EXTENSION = xctest;
			};
			name = Debug;
		};
		00F4DDB818D4217200D86DAF /* Release */ = {
			isa = XCBuildConfiguration;
			buildSettings = {
				ARCHS = "$(ARCHS_STANDARD_INCLUDING_64_BIT)";
				BUNDLE_LOADER = "$(BUILT_PRODUCTS_DIR)/jsonReceiver.app/jsonReceiver";
				FRAMEWORK_SEARCH_PATHS = (
					"$(SDKROOT)/Developer/Library/Frameworks",
					"$(inherited)",
					"$(DEVELOPER_FRAMEWORKS_DIR)",
				);
				GCC_PRECOMPILE_PREFIX_HEADER = YES;
				GCC_PREFIX_HEADER = "jsonReceiver/jsonReceiver-Prefix.pch";
				INFOPLIST_FILE = "jsonReceiverTests/jsonReceiverTests-Info.plist";
				PRODUCT_NAME = "$(TARGET_NAME)";
				TEST_HOST = "$(BUNDLE_LOADER)";
				WRAPPER_EXTENSION = xctest;
			};
			name = Release;
		};
/* End XCBuildConfiguration section */

/* Begin XCConfigurationList section */
		00F4DD7C18D4217200D86DAF /* Build configuration list for PBXProject "jsonReceiver" */ = {
			isa = XCConfigurationList;
			buildConfigurations = (
				00F4DDB118D4217200D86DAF /* Debug */,
				00F4DDB218D4217200D86DAF /* Release */,
			);
			defaultConfigurationIsVisible = 0;
			defaultConfigurationName = Release;
		};
		00F4DDB318D4217200D86DAF /* Build configuration list for PBXNativeTarget "jsonReceiver" */ = {
			isa = XCConfigurationList;
			buildConfigurations = (
				00F4DDB418D4217200D86DAF /* Debug */,
				00F4DDB518D4217200D86DAF /* Release */,
			);
			defaultConfigurationIsVisible = 0;
		};
		00F4DDB618D4217200D86DAF /* Build configuration list for PBXNativeTarget "jsonReceiverTests" */ = {
			isa = XCConfigurationList;
			buildConfigurations = (
				00F4DDB718D4217200D86DAF /* Debug */,
				00F4DDB818D4217200D86DAF /* Release */,
			);
			defaultConfigurationIsVisible = 0;
		};
/* End XCConfigurationList section */
	};
	rootObject = 00F4DD7918D4217200D86DAF /* Project object */;
}
